<?xml version="1.0" encoding="utf-8"?>
<Project ToolsVersion="4.0" xmlns="http://schemas.microsoft.com/developer/msbuild/2003">
  <ItemGroup>
    <ClCompile Include="main.cpp" />
    <ClCompile Include="callbacks.cpp">
      <Filter>core</Filter>
    </ClCompile>
    <ClCompile Include="Render\Render.cpp">
      <Filter>core</Filter>
    </ClCompile>
    <ClCompile Include="RenderUtils.cpp">
      <Filter>core</Filter>
    </ClCompile>
    <ClCompile Include="GaussianParticleGenerator.cpp">
      <Filter>Generators</Filter>
    </ClCompile>
    <ClCompile Include="ParticleGenerator.cpp">
      <Filter>Generators</Filter>
    </ClCompile>
    <ClCompile Include="UniformParticleGenerator.cpp">
      <Filter>Generators</Filter>
    </ClCompile>
    <ClCompile Include="Render\Camera.cpp">
      <Filter>core</Filter>
    </ClCompile>
    <ClCompile Include="Particle.cpp">
      <Filter>Particles</Filter>
    </ClCompile>
    <ClCompile Include="ParticleSystem.cpp">
      <Filter>Particles</Filter>
    </ClCompile>
  </ItemGroup>
  <ItemGroup>
    <ClInclude Include="callbacks.hpp">
      <Filter>core</Filter>
    </ClInclude>
    <ClInclude Include="core.hpp">
      <Filter>core</Filter>
    </ClInclude>
    <ClInclude Include="Render\Render.h">
      <Filter>core</Filter>
    </ClInclude>
    <ClInclude Include="RenderUtils.hpp">
      <Filter>core</Filter>
    </ClInclude>
    <ClInclude Include="GaussianParticleGenerator.h">
      <Filter>Generators</Filter>
    </ClInclude>
    <ClInclude Include="ParticleGenerator.h">
      <Filter>Generators</Filter>
    </ClInclude>
    <ClInclude Include="UniformParticleGenerator.h">
      <Filter>Generators</Filter>
    </ClInclude>
    <ClInclude Include="Render\Camera.h">
      <Filter>core</Filter>
    </ClInclude>
    <ClInclude Include="Particle.h">
      <Filter>Particles</Filter>
    </ClInclude>
    <ClInclude Include="ParticleSystem.h">
      <Filter>Particles</Filter>
    </ClInclude>
  </ItemGroup>
  <ItemGroup>
    <Filter Include="core">
      <UniqueIdentifier>{0cf263d7-344c-4eba-8641-f0c5ff14e4c7}</UniqueIdentifier>
    </Filter>
    <Filter Include="Generators">
      <UniqueIdentifier>{8c921240-bac5-41a1-8fbd-743e7584be3c}</UniqueIdentifier>
    </Filter>
    <Filter Include="Particles">
      <UniqueIdentifier>{89e7a8c5-5087-4d82-8a3d-ccce33408617}</UniqueIdentifier>
    </Filter>
  </ItemGroup>
</Project>